{
  "name": "ptu-bundle-stakeholder-site",
  "version": "1.0.0",
  "lockfileVersion": 3,
  "requires": true,
  "packages": {
    "": {
      "name": "ptu-bundle-stakeholder-site",
      "version": "1.0.0",
      "devDependencies": {
        "@axe-core/playwright": "4.11.0",
        "playwright": "1.61.0"
      },
      "engines": {
        "node": ">=22"
      }
    },
    "node_modules/@axe-core/playwright": {
      "version": "4.11.0",
      "resolved": "https://registry.npmjs.org/@axe-core/playwright/-/playwright-4.11.0.tgz",
      "integrity": "sha1-ZL6rgHZMHz8OxKwh+bLC199QiVg=",
      "dev": true,
      "license": "MPL-2.0",
      "dependencies": {
        "axe-core": "~4.11.0"
      },
      "peerDependencies": {
        "playwright-core": ">= 1.0.0"
      }
    },
    "node_modules/@axe-core/playwright/node_modules/axe-core": {
      "version": "4.11.0",
      "resolved": "https://registry.npmjs.org/axe-core/-/axe-core-4.11.0.tgz",
      "integrity": "sha1-FvdNZILjQ/8mPU9FA4KenukahrY=",
      "dev": true,
      "license": "MPL-2.0",
      "engines": {
        "node": ">=4"
      }
    },
    "node_modules/fsevents": {
      "version": "2.3.2",
      "resolved": "https://registry.npmjs.org/fsevents/-/fsevents-2.3.2.tgz",
      "integrity": "sha1-ilJveLj99GI7cJ4Ll1xSwkwC/Ro=",
      "dev": true,
      "license": "MIT",
      "optional": true,
      "os": [
        "darwin"
      ],
      "engines": {
        "node": "^8.16.0 || ^10.6.0 || >=11.0.0"
      }
    },
    "node_modules/playwright": {
      "version": "1.61.0",
      "resolved": "https://registry.npmjs.org/playwright/-/playwright-1.61.0.tgz",
      "integrity": "sha1-cILfPfCP+oKxFCDqX66EpAvRbj8=",
      "dev": true,
      "license": "Apache-2.0",
      "dependencies": {
        "playwright-core": "1.61.0"
      },
      "bin": {
        "playwright": "cli.js"
      },
      "engines": {
        "node": ">=18"
      },
      "optionalDependencies": {
        "fsevents": "2.3.2"
      }
    },
    "node_modules/playwright-core": {
      "version": "1.61.0",
      "resolved": "https://registry.npmjs.org/playwright-core/-/playwright-core-1.61.0.tgz",
      "integrity": "sha1-yvgHiyo5zXc43HXsEcs7R/OFw/A=",
      "dev": true,
      "license": "Apache-2.0",
      "bin": {
        "playwright-core": "cli.js"
      },
      "engines": {
        "node": ">=18"
      }
    }
  }
}
